
Microsoft Visual Studio Solution File, Format Version 12.00
# Visual Studio 15
VisualStudioVersion = 15.0.28307.489
MinimumVisualStudioVersion = 10.0.40219.1
Project("{2150E333-8FDC-42A3-9474-1A3956D46DE8}") = "0 - Modelagem de Entidades", "0 - Modelagem de Entidades", "{68A6793D-9DEE-4B16-BAF5-63C438530E77}"
EndProject
Project("{2150E333-8FDC-42A3-9474-1A3956D46DE8}") = "1 - Sistema", "1 - Sistema", "{AB902562-D155-450D-836E-2CF9405D65B1}"
EndProject
Project("{2150E333-8FDC-42A3-9474-1A3956D46DE8}") = "1.1 - Apresentação", "1.1 - Apresentação", "{B9AC78BA-6713-4791-BFEE-743EE78BE67F}"
EndProject
Project("{2150E333-8FDC-42A3-9474-1A3956D46DE8}") = "1.2 - Serviços", "1.2 - Serviços", "{BEE31D79-355F-42A3-91C5-A81C33B9B222}"
EndProject
Project("{2150E333-8FDC-42A3-9474-1A3956D46DE8}") = "1.3 - Regras de Negócio", "1.3 - Regras de Negócio", "{2C2C0795-F781-46F9-B231-7ABEA62D2020}"
EndProject
Project("{2150E333-8FDC-42A3-9474-1A3956D46DE8}") = "1.4 - Acesso a Dados", "1.4 - Acesso a Dados", "{1E0F741B-EE06-4AAE-942C-AB1C63319E0D}"
EndProject
Project("{FAE04EC0-301F-11D3-BF4B-00C04F79EFBC}") = "EmpresaBCC.Entities", "EmpresaBCC.Entities\EmpresaBCC.Entities.csproj", "{0BC66D43-500C-433F-9847-B95FF2199098}"
EndProject
Project("{FAE04EC0-301F-11D3-BF4B-00C04F79EFBC}") = "EmpresaBCC.DAL", "EmpresaBCC.DAL\EmpresaBCC.DAL.csproj", "{C45AC12D-E766-4489-BABC-BD2CD7A33AB6}"
EndProject
Project("{FAE04EC0-301F-11D3-BF4B-00C04F79EFBC}") = "EmpresaBCC.BLL", "EmpresaBCC.BLL\EmpresaBCC.BLL.csproj", "{6189C4D4-9506-4E98-9A1F-DC765C92FE4B}"
EndProject
Project("{FAE04EC0-301F-11D3-BF4B-00C04F79EFBC}") = "EmpresaBCC.Services", "EmpresaBCC.Services\EmpresaBCC.Services.csproj", "{661D8C08-9483-42C9-8B94-172F6C4243F8}"
EndProject
Project("{FAE04EC0-301F-11D3-BF4B-00C04F79EFBC}") = "EmpresaBCC.Presentation", "EmpresaBCC.Presentation\EmpresaBCC.Presentation.csproj", "{9D8B2FCC-0F7E-4E31-ACEE-0EFE1C6E2791}"
EndProject
Global
	GlobalSection(SolutionConfigurationPlatforms) = preSolution
		Debug|Any CPU = Debug|Any CPU
		Release|Any CPU = Release|Any CPU
	EndGlobalSection
	GlobalSection(ProjectConfigurationPlatforms) = postSolution
		{0BC66D43-500C-433F-9847-B95FF2199098}.Debug|Any CPU.ActiveCfg = Debug|Any CPU
		{0BC66D43-500C-433F-9847-B95FF2199098}.Debug|Any CPU.Build.0 = Debug|Any CPU
		{0BC66D43-500C-433F-9847-B95FF2199098}.Release|Any CPU.ActiveCfg = Release|Any CPU
		{0BC66D43-500C-433F-9847-B95FF2199098}.Release|Any CPU.Build.0 = Release|Any CPU
		{C45AC12D-E766-4489-BABC-BD2CD7A33AB6}.Debug|Any CPU.ActiveCfg = Debug|Any CPU
		{C45AC12D-E766-4489-BABC-BD2CD7A33AB6}.Debug|Any CPU.Build.0 = Debug|Any CPU
		{C45AC12D-E766-4489-BABC-BD2CD7A33AB6}.Release|Any CPU.ActiveCfg = Release|Any CPU
		{C45AC12D-E766-4489-BABC-BD2CD7A33AB6}.Release|Any CPU.Build.0 = Release|Any CPU
		{6189C4D4-9506-4E98-9A1F-DC765C92FE4B}.Debug|Any CPU.ActiveCfg = Debug|Any CPU
		{6189C4D4-9506-4E98-9A1F-DC765C92FE4B}.Debug|Any CPU.Build.0 = Debug|Any CPU
		{6189C4D4-9506-4E98-9A1F-DC765C92FE4B}.Release|Any CPU.ActiveCfg = Release|Any CPU
		{6189C4D4-9506-4E98-9A1F-DC765C92FE4B}.Release|Any CPU.Build.0 = Release|Any CPU
		{661D8C08-9483-42C9-8B94-172F6C4243F8}.Debug|Any CPU.ActiveCfg = Debug|Any CPU
		{661D8C08-9483-42C9-8B94-172F6C4243F8}.Debug|Any CPU.Build.0 = Debug|Any CPU
		{661D8C08-9483-42C9-8B94-172F6C4243F8}.Release|Any CPU.ActiveCfg = Release|Any CPU
		{661D8C08-9483-42C9-8B94-172F6C4243F8}.Release|Any CPU.Build.0 = Release|Any CPU
		{9D8B2FCC-0F7E-4E31-ACEE-0EFE1C6E2791}.Debug|Any CPU.ActiveCfg = Debug|Any CPU
		{9D8B2FCC-0F7E-4E31-ACEE-0EFE1C6E2791}.Debug|Any CPU.Build.0 = Debug|Any CPU
		{9D8B2FCC-0F7E-4E31-ACEE-0EFE1C6E2791}.Release|Any CPU.ActiveCfg = Release|Any CPU
		{9D8B2FCC-0F7E-4E31-ACEE-0EFE1C6E2791}.Release|Any CPU.Build.0 = Release|Any CPU
	EndGlobalSection
	GlobalSection(SolutionProperties) = preSolution
		HideSolutionNode = FALSE
	EndGlobalSection
	GlobalSection(NestedProjects) = preSolution
		{B9AC78BA-6713-4791-BFEE-743EE78BE67F} = {AB902562-D155-450D-836E-2CF9405D65B1}
		{BEE31D79-355F-42A3-91C5-A81C33B9B222} = {AB902562-D155-450D-836E-2CF9405D65B1}
		{2C2C0795-F781-46F9-B231-7ABEA62D2020} = {AB902562-D155-450D-836E-2CF9405D65B1}
		{1E0F741B-EE06-4AAE-942C-AB1C63319E0D} = {AB902562-D155-450D-836E-2CF9405D65B1}
		{0BC66D43-500C-433F-9847-B95FF2199098} = {68A6793D-9DEE-4B16-BAF5-63C438530E77}
		{C45AC12D-E766-4489-BABC-BD2CD7A33AB6} = {1E0F741B-EE06-4AAE-942C-AB1C63319E0D}
		{6189C4D4-9506-4E98-9A1F-DC765C92FE4B} = {2C2C0795-F781-46F9-B231-7ABEA62D2020}
		{661D8C08-9483-42C9-8B94-172F6C4243F8} = {BEE31D79-355F-42A3-91C5-A81C33B9B222}
		{9D8B2FCC-0F7E-4E31-ACEE-0EFE1C6E2791} = {B9AC78BA-6713-4791-BFEE-743EE78BE67F}
	EndGlobalSection
	GlobalSection(ExtensibilityGlobals) = postSolution
		SolutionGuid = {47682CCD-6F1A-4E61-9CEE-A17307DF102E}
	EndGlobalSection
EndGlobal
